
Microsoft Visual Studio Solution File, Format Version 12.00
# Visual Studio Version 16
VisualStudioVersion = 16.0.31729.503
MinimumVisualStudioVersion = 10.0.40219.1
Project("{FAE04EC0-301F-11D3-BF4B-00C04F79EFBC}") = "FileFinder", "FileFinder\FileFinder.csproj", "{9690282D-83AE-4509-99F8-B72A169EC49F}"
EndProject
Global
	GlobalSection(SolutionConfigurationPlatforms) = preSolution
		Debug|Any CPU = Debug|Any CPU
		Release|Any CPU = Release|Any CPU
	EndGlobalSection
	GlobalSection(ProjectConfigurationPlatforms) = postSolution
		{9690282D-83AE-4509-99F8-B72A169EC49F}.Debug|Any CPU.ActiveCfg = Debug|Any CPU
		{9690282D-83AE-4509-99F8-B72A169EC49F}.Debug|Any CPU.Build.0 = Debug|Any CPU
		{9690282D-83AE-4509-99F8-B72A169EC49F}.Release|Any CPU.ActiveCfg = Release|Any CPU
		{9690282D-83AE-4509-99F8-B72A169EC49F}.Release|Any CPU.Build.0 = Release|Any CPU
	EndGlobalSection
	GlobalSection(SolutionProperties) = preSolution
		HideSolutionNode = FALSE
	EndGlobalSection
	GlobalSection(ExtensibilityGlobals) = postSolution
		SolutionGuid = {37F7B920-0BB1-468E-9BB5-0858EC559B6A}
	EndGlobalSection
EndGlobal
